
Microsoft Visual Studio Solution File, Format Version 12.00
# Visual Studio 15
VisualStudioVersion = 15.0.28307.1401
MinimumVisualStudioVersion = 10.0.40219.1
Project("{9A19103F-16F7-4668-BE54-9A1E7A4F7556}") = "BookLibrary.WebApi", "BookLibrary.WebApi\BookLibrary.WebApi.csproj", "{96536201-6028-4230-960E-C67210F0AA6F}"
EndProject
Project("{FAE04EC0-301F-11D3-BF4B-00C04F79EFBC}") = "BookLibrary.Core", "BookLibrary.Core\BookLibrary.Core.csproj", "{EE8D38E8-F412-4844-905D-3868B1EC8C14}"
EndProject
Global
	GlobalSection(SolutionConfigurationPlatforms) = preSolution
		Debug|Any CPU = Debug|Any CPU
		Release|Any CPU = Release|Any CPU
	EndGlobalSection
	GlobalSection(ProjectConfigurationPlatforms) = postSolution
		{96536201-6028-4230-960E-C67210F0AA6F}.Debug|Any CPU.ActiveCfg = Debug|Any CPU
		{96536201-6028-4230-960E-C67210F0AA6F}.Debug|Any CPU.Build.0 = Debug|Any CPU
		{96536201-6028-4230-960E-C67210F0AA6F}.Release|Any CPU.ActiveCfg = Release|Any CPU
		{96536201-6028-4230-960E-C67210F0AA6F}.Release|Any CPU.Build.0 = Release|Any CPU
		{EE8D38E8-F412-4844-905D-3868B1EC8C14}.Debug|Any CPU.ActiveCfg = Debug|Any CPU
		{EE8D38E8-F412-4844-905D-3868B1EC8C14}.Debug|Any CPU.Build.0 = Debug|Any CPU
		{EE8D38E8-F412-4844-905D-3868B1EC8C14}.Release|Any CPU.ActiveCfg = Release|Any CPU
		{EE8D38E8-F412-4844-905D-3868B1EC8C14}.Release|Any CPU.Build.0 = Release|Any CPU
	EndGlobalSection
	GlobalSection(SolutionProperties) = preSolution
		HideSolutionNode = FALSE
	EndGlobalSection
	GlobalSection(ExtensibilityGlobals) = postSolution
		SolutionGuid = {2AEC2106-8B48-454C-BFB9-365828483C91}
	EndGlobalSection
EndGlobal
